// !$*UTF8*$!
{
	archiveVersion = 1;
	classes = {
	};
	objectVersion = 50;
	objects = {

/* Begin PBXBuildFile section */
		D80F1BE026D4BB9C00958BFB /* AppDelegate.swift in Sources */ = {isa = PBXBuildFile; fileRef = D80F1BDF26D4BB9C00958BFB /* AppDelegate.swift */; };
		D80F1BE226D4BB9C00958BFB /* SceneDelegate.swift in Sources */ = {isa = PBXBuildFile; fileRef = D80F1BE126D4BB9C00958BFB /* SceneDelegate.swift */; };
		D80F1BE426D4BB9C00958BFB /* ViewController.swift in Sources */ = {isa = PBXBuildFile; fileRef = D80F1BE326D4BB9C00958BFB /* ViewController.swift */; };
		D80F1BE726D4BB9C00958BFB /* Main.storyboard in Resources */ = {isa = PBXBuildFile; fileRef = D80F1BE526D4BB9C00958BFB /* Main.storyboard */; };
		D80F1BE926D4BB9E00958BFB /* Assets.xcassets in Resources */ = {isa = PBXBuildFile; fileRef = D80F1BE826D4BB9E00958BFB /* Assets.xcassets */; };
		D80F1BEC26D4BB9E00958BFB /* LaunchScreen.storyboard in Resources */ = {isa = PBXBuildFile; fileRef = D80F1BEA26D4BB9E00958BFB /* LaunchScreen.storyboard */; };
/* End PBXBuildFile section */

/* Begin PBXFileReference section */
		D80F1BDC26D4BB9C00958BFB /* FileConversionPrototype.app */ = {isa = PBXFileReference; explicitFileType = wrapper.application; includeInIndex = 0; path = FileConversionPrototype.app; sourceTree = BUILT_PRODUCTS_DIR; };
		D80F1BDF26D4BB9C00958BFB /* AppDelegate.swift */ = {isa = PBXFileReference; lastKnownFileType = sourcecode.swift; path = AppDelegate.swift; sourceTree = "<group>"; };
		D80F1BE126D4BB9C00958BFB /* SceneDelegate.swift */ = {isa = PBXFileReference; lastKnownFileType = sourcecode.swift; path = SceneDelegate.swift; sourceTree = "<group>"; };
		D80F1BE326D4BB9C00958BFB /* ViewController.swift */ = {isa = PBXFileReference; lastKnownFileType = sourcecode.swift; path = ViewController.swift; sourceTree = "<group>"; };
		D80F1BE626D4BB9C00958BFB /* Base */ = {isa = PBXFileReference; lastKnownFileType = file.storyboard; name = Base; path = Base.lproj/Main.storyboard; sourceTree = "<group>"; };
		D80F1BE826D4BB9E00958BFB /* Assets.xcassets */ = {isa = PBXFileReference; lastKnownFileType = folder.assetcatalog; path = Assets.xcassets; sourceTree = "<group>"; };
		D80F1BEB26D4BB9E00958BFB /* Base */ = {isa = PBXFileReference; lastKnownFileType = file.storyboard; name = Base; path = Base.lproj/LaunchScreen.storyboard; sourceTree = "<group>"; };
		D80F1BED26D4BB9E00958BFB /* Info.plist */ = {isa = PBXFileReference; lastKnownFileType = text.plist.xml; path = Info.plist; sourceTree = "<group>"; };
/* End PBXFileReference section */

/* Begin PBXFrameworksBuildPhase section */
		D80F1BD926D4BB9C00958BFB /* Frameworks */ = {
			isa = PBXFrameworksBuildPhase;
			buildActionMask = 2147483647;
			files = (
			);
			runOnlyForDeploymentPostprocessing = 0;
		};
/* End PBXFrameworksBuildPhase section */

/* Begin PBXGroup section */
		D80F1BD326D4BB9C00958BFB = {
			isa = PBXGroup;
			children = (
				D80F1BDE26D4BB9C00958BFB /* FileConversionPrototype */,
				D80F1BDD26D4BB9C00958BFB /* Products */,
			);
			sourceTree = "<group>";
		};
		D80F1BDD26D4BB9C00958BFB /* Products */ = {
			isa = PBXGroup;
			children = (
				D80F1BDC26D4BB9C00958BFB /* FileConversionPrototype.app */,
			);
			name = Products;
			sourceTree = "<group>";
		};
		D80F1BDE26D4BB9C00958BFB /* FileConversionPrototype */ = {
			isa = PBXGroup;
			children = (
				D80F1BDF26D4BB9C00958BFB /* AppDelegate.swift */,
				D80F1BE126D4BB9C00958BFB /* SceneDelegate.swift */,
				D80F1BE326D4BB9C00958BFB /* ViewController.swift */,
				D80F1BE526D4BB9C00958BFB /* Main.storyboard */,
				D80F1BE826D4BB9E00958BFB /* Assets.xcassets */,
				D80F1BEA26D4BB9E00958BFB /* LaunchScreen.storyboard */,
				D80F1BED26D4BB9E00958BFB /* Info.plist */,
			);
			path = FileConversionPrototype;
			sourceTree = "<group>";
		};
/* End PBXGroup section */

/* Begin PBXNativeTarget section */
		D80F1BDB26D4BB9C00958BFB /* FileConversionPrototype */ = {
			isa = PBXNativeTarget;
			buildConfigurationList = D80F1BF026D4BB9E00958BFB /* Build configuration list for PBXNativeTarget "FileConversionPrototype" */;
			buildPhases = (
				D80F1BD826D4BB9C00958BFB /* Sources */,
				D80F1BD926D4BB9C00958BFB /* Frameworks */,
				D80F1BDA26D4BB9C00958BFB /* Resources */,
			);
			buildRules = (
			);
			dependencies = (
			);
			name = FileConversionPrototype;
			productName = FileConversionPrototype;
			productReference = D80F1BDC26D4BB9C00958BFB /* FileConversionPrototype.app */;
			productType = "com.apple.product-type.application";
		};
/* End PBXNativeTarget section */

/* Begin PBXProject section */
		D80F1BD426D4BB9C00958BFB /* Project object */ = {
			isa = PBXProject;
			attributes = {
				LastSwiftUpdateCheck = 1240;
				LastUpgradeCheck = 1240;
				TargetAttributes = {
					D80F1BDB26D4BB9C00958BFB = {
						CreatedOnToolsVersion = 12.4;
					};
				};
			};
			buildConfigurationList = D80F1BD726D4BB9C00958BFB /* Build configuration list for PBXProject "FileConversionPrototype" */;
			compatibilityVersion = "Xcode 9.3";
			developmentRegion = en;
			hasScannedForEncodings = 0;
			knownRegions = (
				en,
				Base,
			);
			mainGroup = D80F1BD326D4BB9C00958BFB;
			productRefGroup = D80F1BDD26D4BB9C00958BFB /* Products */;
			projectDirPath = "";
			projectRoot = "";
			targets = (
				D80F1BDB26D4BB9C00958BFB /* FileConversionPrototype */,
			);
		};
/* End PBXProject section */

/* Begin PBXResourcesBuildPhase section */
		D80F1BDA26D4BB9C00958BFB /* Resources */ = {
			isa = PBXResourcesBuildPhase;
			buildActionMask = 2147483647;
			files = (
				D80F1BEC26D4BB9E00958BFB /* LaunchScreen.storyboard in Resources */,
				D80F1BE926D4BB9E00958BFB /* Assets.xcassets in Resources */,
				D80F1BE726D4BB9C00958BFB /* Main.storyboard in Resources */,
			);
			runOnlyForDeploymentPostprocessing = 0;
		};
/* End PBXResourcesBuildPhase section */

/* Begin PBXSourcesBuildPhase section */
		D80F1BD826D4BB9C00958BFB /* Sources */ = {
			isa = PBXSourcesBuildPhase;
			buildActionMask = 2147483647;
			files = (
				D80F1BE426D4BB9C00958BFB /* ViewController.swift in Sources */,
				D80F1BE026D4BB9C00958BFB /* AppDelegate.swift in Sources */,
				D80F1BE226D4BB9C00958BFB /* SceneDelegate.swift in Sources */,
			);
			runOnlyForDeploymentPostprocessing = 0;
		};
/* End PBXSourcesBuildPhase section */

/* Begin PBXVariantGroup section */
		D80F1BE526D4BB9C00958BFB /* Main.storyboard */ = {
			isa = PBXVariantGroup;
			children = (
				D80F1BE626D4BB9C00958BFB /* Base */,
			);
			name = Main.storyboard;
			sourceTree = "<group>";
		};
		D80F1BEA26D4BB9E00958BFB /* LaunchScreen.storyboard */ = {
			isa = PBXVariantGroup;
			children = (
				D80F1BEB26D4BB9E00958BFB /* Base */,
			);
			name = LaunchScreen.storyboard;
			sourceTree = "<group>";
		};
/* End PBXVariantGroup section */

/* Begin XCBuildConfiguration section */
		D80F1BEE26D4BB9E00958BFB /* Debug */ = {
			isa = XCBuildConfiguration;
			buildSettings = {
				ALWAYS_SEARCH_USER_PATHS = NO;
				CLANG_ANALYZER_NONNULL = YES;
				CLANG_ANALYZER_NUMBER_OBJECT_CONVERSION = YES_AGGRESSIVE;
				CLANG_CXX_LANGUAGE_STANDARD = "gnu++14";
				CLANG_CXX_LIBRARY = "libc++";
				CLANG_ENABLE_MODULES = YES;
				CLANG_ENABLE_OBJC_ARC = YES;
				CLANG_ENABLE_OBJC_WEAK = YES;
				CLANG_WARN_BLOCK_CAPTURE_AUTORELEASING = YES;
				CLANG_WARN_BOOL_CONVERSION = YES;
				CLANG_WARN_COMMA = YES;
				CLANG_WARN_CONSTANT_CONVERSION = YES;
				CLANG_WARN_DEPRECATED_OBJC_IMPLEMENTATIONS = YES;
				CLANG_WARN_DIRECT_OBJC_ISA_USAGE = YES_ERROR;
				CLANG_WARN_DOCUMENTATION_COMMENTS = YES;
				CLANG_WARN_EMPTY_BODY = YES;
				CLANG_WARN_ENUM_CONVERSION = YES;
				CLANG_WARN_INFINITE_RECURSION = YES;
				CLANG_WARN_INT_CONVERSION = YES;
				CLANG_WARN_NON_LITERAL_NULL_CONVERSION = YES;
				CLANG_WARN_OBJC_IMPLICIT_RETAIN_SELF = YES;
				CLANG_WARN_OBJC_LITERAL_CONVERSION = YES;
				CLANG_WARN_OBJC_ROOT_CLASS = YES_ERROR;
				CLANG_WARN_QUOTED_INCLUDE_IN_FRAMEWORK_HEADER = YES;
				CLANG_WARN_RANGE_LOOP_ANALYSIS = YES;
				CLANG_WARN_STRICT_PROTOTYPES = YES;
				CLANG_WARN_SUSPICIOUS_MOVE = YES;
				CLANG_WARN_UNGUARDED_AVAILABILITY = YES_AGGRESSIVE;
				CLANG_WARN_UNREACHABLE_CODE = YES;
				CLANG_WARN__DUPLICATE_METHOD_MATCH = YES;
				COPY_PHASE_STRIP = NO;
				DEBUG_INFORMATION_FORMAT = dwarf;
				ENABLE_STRICT_OBJC_MSGSEND = YES;
				ENABLE_TESTABILITY = YES;
				GCC_C_LANGUAGE_STANDARD = gnu11;
				GCC_DYNAMIC_NO_PIC = NO;
				GCC_NO_COMMON_BLOCKS = YES;
				GCC_OPTIMIZATION_LEVEL = 0;
				GCC_PREPROCESSOR_DEFINITIONS = (
					"DEBUG=1",
					"$(inherited)",
				);
				GCC_WARN_64_TO_32_BIT_CONVERSION = YES;
				GCC_WARN_ABOUT_RETURN_TYPE = YES_ERROR;
				GCC_WARN_UNDECLARED_SELECTOR = YES;
				GCC_WARN_UNINITIALIZED_AUTOS = YES_AGGRESSIVE;
				GCC_WARN_UNUSED_FUNCTION = YES;
				GCC_WARN_UNUSED_VARIABLE = YES;
				IPHONEOS_DEPLOYMENT_TARGET = 14.4;
				MTL_ENABLE_DEBUG_INFO = INCLUDE_SOURCE;
				MTL_FAST_MATH = YES;
				ONLY_ACTIVE_ARCH = YES;
				SDKROOT = iphoneos;
				SWIFT_ACTIVE_COMPILATION_CONDITIONS = DEBUG;
				SWIFT_OPTIMIZATION_LEVEL = "-Onone";
			};
			name = Debug;
		};
		D80F1BEF26D4BB9E00958BFB /* Release */ = {
			isa = XCBuildConfiguration;
			buildSettings = {
				ALWAYS_SEARCH_USER_PATHS = NO;
				CLANG_ANALYZER_NONNULL = YES;
				CLANG_ANALYZER_NUMBER_OBJECT_CONVERSION = YES_AGGRESSIVE;
				CLANG_CXX_LANGUAGE_STANDARD = "gnu++14";
				CLANG_CXX_LIBRARY = "libc++";
				CLANG_ENABLE_MODULES = YES;
				CLANG_ENABLE_OBJC_ARC = YES;
				CLANG_ENABLE_OBJC_WEAK = YES;
				CLANG_WARN_BLOCK_CAPTURE_AUTORELEASING = YES;
				CLANG_WARN_BOOL_CONVERSION = YES;
				CLANG_WARN_COMMA = YES;
				CLANG_WARN_CONSTANT_CONVERSION = YES;
				CLANG_WARN_DEPRECATED_OBJC_IMPLEMENTATIONS = YES;
				CLANG_WARN_DIRECT_OBJC_ISA_USAGE = YES_ERROR;
				CLANG_WARN_DOCUMENTATION_COMMENTS = YES;
				CLANG_WARN_EMPTY_BODY = YES;
				CLANG_WARN_ENUM_CONVERSION = YES;
				CLANG_WARN_INFINITE_RECURSION = YES;
				CLANG_WARN_INT_CONVERSION = YES;
				CLANG_WARN_NON_LITERAL_NULL_CONVERSION = YES;
				CLANG_WARN_OBJC_IMPLICIT_RETAIN_SELF = YES;
				CLANG_WARN_OBJC_LITERAL_CONVERSION = YES;
				CLANG_WARN_OBJC_ROOT_CLASS = YES_ERROR;
				CLANG_WARN_QUOTED_INCLUDE_IN_FRAMEWORK_HEADER = YES;
				CLANG_WARN_RANGE_LOOP_ANALYSIS = YES;
				CLANG_WARN_STRICT_PROTOTYPES = YES;
				CLANG_WARN_SUSPICIOUS_MOVE = YES;
				CLANG_WARN_UNGUARDED_AVAILABILITY = YES_AGGRESSIVE;
				CLANG_WARN_UNREACHABLE_CODE = YES;
				CLANG_WARN__DUPLICATE_METHOD_MATCH = YES;
				COPY_PHASE_STRIP = NO;
				DEBUG_INFORMATION_FORMAT = "dwarf-with-dsym";
				ENABLE_NS_ASSERTIONS = NO;
				ENABLE_STRICT_OBJC_MSGSEND = YES;
				GCC_C_LANGUAGE_STANDARD = gnu11;
				GCC_NO_COMMON_BLOCKS = YES;
				GCC_WARN_64_TO_32_BIT_CONVERSION = YES;
				GCC_WARN_ABOUT_RETURN_TYPE = YES_ERROR;
				GCC_WARN_UNDECLARED_SELECTOR = YES;
				GCC_WARN_UNINITIALIZED_AUTOS = YES_AGGRESSIVE;
				GCC_WARN_UNUSED_FUNCTION = YES;
				GCC_WARN_UNUSED_VARIABLE = YES;
				IPHONEOS_DEPLOYMENT_TARGET = 14.4;
				MTL_ENABLE_DEBUG_INFO = NO;
				MTL_FAST_MATH = YES;
				SDKROOT = iphoneos;
				SWIFT_COMPILATION_MODE = wholemodule;
				SWIFT_OPTIMIZATION_LEVEL = "-O";
				VALIDATE_PRODUCT = YES;
			};
			name = Release;
		};
		D80F1BF126D4BB9E00958BFB /* Debug */ = {
			isa = XCBuildConfiguration;
			buildSettings = {
				ASSETCATALOG_COMPILER_APPICON_NAME = AppIcon;
				ASSETCATALOG_COMPILER_GLOBAL_ACCENT_COLOR_NAME = AccentColor;
				CODE_SIGN_STYLE = Automatic;
				DEVELOPMENT_TEAM = GTPK22CTLU;
				INFOPLIST_FILE = FileConversionPrototype/Info.plist;
				LD_RUNPATH_SEARCH_PATHS = (
					"$(inherited)",
					"@executable_path/Frameworks",
				);
				PRODUCT_BUNDLE_IDENTIFIER = com.powerdms.FileConversionPrototype;
				PRODUCT_NAME = "$(TARGET_NAME)";
				SWIFT_VERSION = 5.0;
				TARGETED_DEVICE_FAMILY = "1,2";
			};
			name = Debug;
		};
		D80F1BF226D4BB9E00958BFB /* Release */ = {
			isa = XCBuildConfiguration;
			buildSettings = {
				ASSETCATALOG_COMPILER_APPICON_NAME = AppIcon;
				ASSETCATALOG_COMPILER_GLOBAL_ACCENT_COLOR_NAME = AccentColor;
				CODE_SIGN_STYLE = Automatic;
				DEVELOPMENT_TEAM = GTPK22CTLU;
				INFOPLIST_FILE = FileConversionPrototype/Info.plist;
				LD_RUNPATH_SEARCH_PATHS = (
					"$(inherited)",
					"@executable_path/Frameworks",
				);
				PRODUCT_BUNDLE_IDENTIFIER = com.powerdms.FileConversionPrototype;
				PRODUCT_NAME = "$(TARGET_NAME)";
				SWIFT_VERSION = 5.0;
				TARGETED_DEVICE_FAMILY = "1,2";
			};
			name = Release;
		};
/* End XCBuildConfiguration section */

/* Begin XCConfigurationList section */
		D80F1BD726D4BB9C00958BFB /* Build configuration list for PBXProject "FileConversionPrototype" */ = {
			isa = XCConfigurationList;
			buildConfigurations = (
				D80F1BEE26D4BB9E00958BFB /* Debug */,
				D80F1BEF26D4BB9E00958BFB /* Release */,
			);
			defaultConfigurationIsVisible = 0;
			defaultConfigurationName = Release;
		};
		D80F1BF026D4BB9E00958BFB /* Build configuration list for PBXNativeTarget "FileConversionPrototype" */ = {
			isa = XCConfigurationList;
			buildConfigurations = (
				D80F1BF126D4BB9E00958BFB /* Debug */,
				D80F1BF226D4BB9E00958BFB /* Release */,
			);
			defaultConfigurationIsVisible = 0;
			defaultConfigurationName = Release;
		};
/* End XCConfigurationList section */
	};
	rootObject = D80F1BD426D4BB9C00958BFB /* Project object */;
}
